
Microsoft Visual Studio Solution File, Format Version 12.00
# Visual Studio 15
Project("{FAE04EC0-301F-11D3-BF4B-00C04F79EFBC}") = "MyIdeaPool", "MyIdeaPool\MyIdeaPool.csproj", "{548277F5-30D7-45B8-856E-10B86A1CF767}"
EndProject
Global
	GlobalSection(SolutionConfigurationPlatforms) = preSolution
		Debug|Any CPU = Debug|Any CPU
		Release|Any CPU = Release|Any CPU
	EndGlobalSection
	GlobalSection(ProjectConfigurationPlatforms) = postSolution
		{548277F5-30D7-45B8-856E-10B86A1CF767}.Debug|Any CPU.ActiveCfg = Debug|Any CPU
		{548277F5-30D7-45B8-856E-10B86A1CF767}.Debug|Any CPU.Build.0 = Debug|Any CPU
		{548277F5-30D7-45B8-856E-10B86A1CF767}.Release|Any CPU.ActiveCfg = Release|Any CPU
		{548277F5-30D7-45B8-856E-10B86A1CF767}.Release|Any CPU.Build.0 = Release|Any CPU
	EndGlobalSection
EndGlobal
